
Microsoft Visual Studio Solution File, Format Version 12.00
# Visual Studio Version 16
VisualStudioVersion = 16.0.29926.136
MinimumVisualStudioVersion = 10.0.40219.1
Project("{9A19103F-16F7-4668-BE54-9A1E7A4F7556}") = "HCMS.Web", "HCMS.Web\HCMS.Web.csproj", "{CFDEC35D-E33D-4D0E-A412-0112F1CCF58D}"
EndProject
Project("{9A19103F-16F7-4668-BE54-9A1E7A4F7556}") = "HCMS.Data", "HCMS.Data\HCMS.Data.csproj", "{DFA0FDF4-B66D-4F52-B6BA-5F169B2024E2}"
EndProject
Project("{2150E333-8FDC-42A3-9474-1A3956D46DE8}") = "Services", "Services", "{D7D1DE0F-B834-4583-A33B-B8BE7C40F82C}"
EndProject
Project("{9A19103F-16F7-4668-BE54-9A1E7A4F7556}") = "HCMS.Service.Messaging", "HCMS.Service.Messaging\HCMS.Service.Messaging.csproj", "{31E12723-D568-4B26-BF8E-10C14439AC6F}"
EndProject
Project("{9A19103F-16F7-4668-BE54-9A1E7A4F7556}") = "HCMS.GlobalConstants", "HCMS.GlobalConstants\HCMS.GlobalConstants.csproj", "{92F155CD-170B-448A-AD2D-AF585CE92F38}"
EndProject
Project("{9A19103F-16F7-4668-BE54-9A1E7A4F7556}") = "HCMS.Services.Data", "HCMS.Services.Data\HCMS.Services.Data.csproj", "{DB454E11-89FF-40AC-89D2-F8CA57935EB3}"
EndProject
Project("{9A19103F-16F7-4668-BE54-9A1E7A4F7556}") = "HCMS.Services.Mapping", "HCMS.Services.Mapping\HCMS.Services.Mapping.csproj", "{E4536ECB-DBCD-411B-8F76-EC26F3821F2F}"
EndProject
Project("{2150E333-8FDC-42A3-9474-1A3956D46DE8}") = "Data", "Data", "{23A97839-C525-4386-8AFF-F0D94290CD10}"
EndProject
Project("{9A19103F-16F7-4668-BE54-9A1E7A4F7556}") = "HCMS.Data.Models", "HCMS.Models\HCMS.Data.Models.csproj", "{0CFD09B4-CFB9-453D-901D-2748684751CF}"
EndProject
Project("{9A19103F-16F7-4668-BE54-9A1E7A4F7556}") = "HCMS.Data.Common", "HCMS.Data.Common\HCMS.Data.Common.csproj", "{6548B058-C73F-4AA4-82C3-96112EAD9CF0}"
EndProject
Project("{2150E333-8FDC-42A3-9474-1A3956D46DE8}") = "Web", "Web", "{5B2F3E6F-73A8-4A04-9496-D37C1D1A3A8A}"
EndProject
Project("{FAE04EC0-301F-11D3-BF4B-00C04F79EFBC}") = "HCMS.Web.ViewModels", "HCMS.Web.ViewModels\HCMS.Web.ViewModels.csproj", "{9258B02B-B55E-40BA-9766-B1F9FD7D188A}"
EndProject
Global
	GlobalSection(SolutionConfigurationPlatforms) = preSolution
		Debug|Any CPU = Debug|Any CPU
		Release|Any CPU = Release|Any CPU
	EndGlobalSection
	GlobalSection(ProjectConfigurationPlatforms) = postSolution
		{CFDEC35D-E33D-4D0E-A412-0112F1CCF58D}.Debug|Any CPU.ActiveCfg = Debug|Any CPU
		{CFDEC35D-E33D-4D0E-A412-0112F1CCF58D}.Debug|Any CPU.Build.0 = Debug|Any CPU
		{CFDEC35D-E33D-4D0E-A412-0112F1CCF58D}.Release|Any CPU.ActiveCfg = Release|Any CPU
		{CFDEC35D-E33D-4D0E-A412-0112F1CCF58D}.Release|Any CPU.Build.0 = Release|Any CPU
		{DFA0FDF4-B66D-4F52-B6BA-5F169B2024E2}.Debug|Any CPU.ActiveCfg = Debug|Any CPU
		{DFA0FDF4-B66D-4F52-B6BA-5F169B2024E2}.Debug|Any CPU.Build.0 = Debug|Any CPU
		{DFA0FDF4-B66D-4F52-B6BA-5F169B2024E2}.Release|Any CPU.ActiveCfg = Release|Any CPU
		{DFA0FDF4-B66D-4F52-B6BA-5F169B2024E2}.Release|Any CPU.Build.0 = Release|Any CPU
		{31E12723-D568-4B26-BF8E-10C14439AC6F}.Debug|Any CPU.ActiveCfg = Debug|Any CPU
		{31E12723-D568-4B26-BF8E-10C14439AC6F}.Debug|Any CPU.Build.0 = Debug|Any CPU
		{31E12723-D568-4B26-BF8E-10C14439AC6F}.Release|Any CPU.ActiveCfg = Release|Any CPU
		{31E12723-D568-4B26-BF8E-10C14439AC6F}.Release|Any CPU.Build.0 = Release|Any CPU
		{92F155CD-170B-448A-AD2D-AF585CE92F38}.Debug|Any CPU.ActiveCfg = Debug|Any CPU
		{92F155CD-170B-448A-AD2D-AF585CE92F38}.Debug|Any CPU.Build.0 = Debug|Any CPU
		{92F155CD-170B-448A-AD2D-AF585CE92F38}.Release|Any CPU.ActiveCfg = Release|Any CPU
		{92F155CD-170B-448A-AD2D-AF585CE92F38}.Release|Any CPU.Build.0 = Release|Any CPU
		{DB454E11-89FF-40AC-89D2-F8CA57935EB3}.Debug|Any CPU.ActiveCfg = Debug|Any CPU
		{DB454E11-89FF-40AC-89D2-F8CA57935EB3}.Debug|Any CPU.Build.0 = Debug|Any CPU
		{DB454E11-89FF-40AC-89D2-F8CA57935EB3}.Release|Any CPU.ActiveCfg = Release|Any CPU
		{DB454E11-89FF-40AC-89D2-F8CA57935EB3}.Release|Any CPU.Build.0 = Release|Any CPU
		{E4536ECB-DBCD-411B-8F76-EC26F3821F2F}.Debug|Any CPU.ActiveCfg = Debug|Any CPU
		{E4536ECB-DBCD-411B-8F76-EC26F3821F2F}.Debug|Any CPU.Build.0 = Debug|Any CPU
		{E4536ECB-DBCD-411B-8F76-EC26F3821F2F}.Release|Any CPU.ActiveCfg = Release|Any CPU
		{E4536ECB-DBCD-411B-8F76-EC26F3821F2F}.Release|Any CPU.Build.0 = Release|Any CPU
		{0CFD09B4-CFB9-453D-901D-2748684751CF}.Debug|Any CPU.ActiveCfg = Debug|Any CPU
		{0CFD09B4-CFB9-453D-901D-2748684751CF}.Debug|Any CPU.Build.0 = Debug|Any CPU
		{0CFD09B4-CFB9-453D-901D-2748684751CF}.Release|Any CPU.ActiveCfg = Release|Any CPU
		{0CFD09B4-CFB9-453D-901D-2748684751CF}.Release|Any CPU.Build.0 = Release|Any CPU
		{6548B058-C73F-4AA4-82C3-96112EAD9CF0}.Debug|Any CPU.ActiveCfg = Debug|Any CPU
		{6548B058-C73F-4AA4-82C3-96112EAD9CF0}.Debug|Any CPU.Build.0 = Debug|Any CPU
		{6548B058-C73F-4AA4-82C3-96112EAD9CF0}.Release|Any CPU.ActiveCfg = Release|Any CPU
		{6548B058-C73F-4AA4-82C3-96112EAD9CF0}.Release|Any CPU.Build.0 = Release|Any CPU
		{9258B02B-B55E-40BA-9766-B1F9FD7D188A}.Debug|Any CPU.ActiveCfg = Debug|Any CPU
		{9258B02B-B55E-40BA-9766-B1F9FD7D188A}.Debug|Any CPU.Build.0 = Debug|Any CPU
		{9258B02B-B55E-40BA-9766-B1F9FD7D188A}.Release|Any CPU.ActiveCfg = Release|Any CPU
		{9258B02B-B55E-40BA-9766-B1F9FD7D188A}.Release|Any CPU.Build.0 = Release|Any CPU
	EndGlobalSection
	GlobalSection(SolutionProperties) = preSolution
		HideSolutionNode = FALSE
	EndGlobalSection
	GlobalSection(NestedProjects) = preSolution
		{CFDEC35D-E33D-4D0E-A412-0112F1CCF58D} = {5B2F3E6F-73A8-4A04-9496-D37C1D1A3A8A}
		{DFA0FDF4-B66D-4F52-B6BA-5F169B2024E2} = {23A97839-C525-4386-8AFF-F0D94290CD10}
		{31E12723-D568-4B26-BF8E-10C14439AC6F} = {D7D1DE0F-B834-4583-A33B-B8BE7C40F82C}
		{DB454E11-89FF-40AC-89D2-F8CA57935EB3} = {D7D1DE0F-B834-4583-A33B-B8BE7C40F82C}
		{E4536ECB-DBCD-411B-8F76-EC26F3821F2F} = {D7D1DE0F-B834-4583-A33B-B8BE7C40F82C}
		{0CFD09B4-CFB9-453D-901D-2748684751CF} = {23A97839-C525-4386-8AFF-F0D94290CD10}
		{6548B058-C73F-4AA4-82C3-96112EAD9CF0} = {23A97839-C525-4386-8AFF-F0D94290CD10}
		{9258B02B-B55E-40BA-9766-B1F9FD7D188A} = {5B2F3E6F-73A8-4A04-9496-D37C1D1A3A8A}
	EndGlobalSection
	GlobalSection(ExtensibilityGlobals) = postSolution
		SolutionGuid = {1E8E6A35-99CF-4220-AC4B-FA47E8E235C3}
	EndGlobalSection
EndGlobal
